
Microsoft Visual Studio Solution File, Format Version 12.00
# Visual Studio Version 16
VisualStudioVersion = 16.0.31205.134
MinimumVisualStudioVersion = 10.0.40219.1
Project("{FAE04EC0-301F-11D3-BF4B-00C04F79EFBC}") = "JWTAUTH", "JWTAUTH\JWTAUTH.csproj", "{C15A19B8-2ABD-4B7D-B845-91C4E7B2AF2C}"
EndProject
Global
	GlobalSection(SolutionConfigurationPlatforms) = preSolution
		Debug|Any CPU = Debug|Any CPU
		Release|Any CPU = Release|Any CPU
	EndGlobalSection
	GlobalSection(ProjectConfigurationPlatforms) = postSolution
		{C15A19B8-2ABD-4B7D-B845-91C4E7B2AF2C}.Debug|Any CPU.ActiveCfg = Debug|Any CPU
		{C15A19B8-2ABD-4B7D-B845-91C4E7B2AF2C}.Debug|Any CPU.Build.0 = Debug|Any CPU
		{C15A19B8-2ABD-4B7D-B845-91C4E7B2AF2C}.Release|Any CPU.ActiveCfg = Release|Any CPU
		{C15A19B8-2ABD-4B7D-B845-91C4E7B2AF2C}.Release|Any CPU.Build.0 = Release|Any CPU
	EndGlobalSection
	GlobalSection(SolutionProperties) = preSolution
		HideSolutionNode = FALSE
	EndGlobalSection
	GlobalSection(ExtensibilityGlobals) = postSolution
		SolutionGuid = {7009444F-3ADD-4A65-B748-07A7359AD7C5}
	EndGlobalSection
EndGlobal
